// !$*UTF8*$!
{
	archiveVersion = 1;
	classes = {
	};
	objectVersion = 46;
	objects = {

/* Begin PBXBuildFile section */
		1D57CA1C187635F5005AC7AD /* Default-568h@2x.png in Resources */ = {isa = PBXBuildFile; fileRef = 1D57CA1B187635F5005AC7AD /* Default-568h@2x.png */; };
		8200C16F140276C600D64017 /* UIKit.framework in Frameworks */ = {isa = PBXBuildFile; fileRef = 82B8F15413E478E40012298C /* UIKit.framework */; };
		8200C170140276C600D64017 /* Foundation.framework in Frameworks */ = {isa = PBXBuildFile; fileRef = 82B8F15613E478E40012298C /* Foundation.framework */; };
		8200C171140276C600D64017 /* CoreGraphics.framework in Frameworks */ = {isa = PBXBuildFile; fileRef = 82B8F15813E478E40012298C /* CoreGraphics.framework */; };
		8200C17C140276C600D64017 /* WebPImageTests.m in Sources */ = {isa = PBXBuildFile; fileRef = 8200C17B140276C600D64017 /* WebPImageTests.m */; };
		8200C1831402775900D64017 /* WebPImage.m in Sources */ = {isa = PBXBuildFile; fileRef = 82B8F17D13E483870012298C /* WebPImage.m */; };
		8200C1841402778D00D64017 /* WebP.framework in Frameworks */ = {isa = PBXBuildFile; fileRef = 82B8F18113E489420012298C /* WebP.framework */; };
		8214D7DB1429E80C0082D258 /* ViewWebPAppTests.m in Sources */ = {isa = PBXBuildFile; fileRef = 8214D7DA1429E80C0082D258 /* ViewWebPAppTests.m */; };
		8242146213F0F6C100E00FD6 /* webplogo.png in Resources */ = {isa = PBXBuildFile; fileRef = 8242146113F0F6C100E00FD6 /* webplogo.png */; };
		82B8F15513E478E40012298C /* UIKit.framework in Frameworks */ = {isa = PBXBuildFile; fileRef = 82B8F15413E478E40012298C /* UIKit.framework */; };
		82B8F15713E478E40012298C /* Foundation.framework in Frameworks */ = {isa = PBXBuildFile; fileRef = 82B8F15613E478E40012298C /* Foundation.framework */; };
		82B8F15913E478E40012298C /* CoreGraphics.framework in Frameworks */ = {isa = PBXBuildFile; fileRef = 82B8F15813E478E40012298C /* CoreGraphics.framework */; };
		82B8F15F13E478E40012298C /* InfoPlist.strings in Resources */ = {isa = PBXBuildFile; fileRef = 82B8F15D13E478E40012298C /* InfoPlist.strings */; };
		82B8F16213E478E40012298C /* main.m in Sources */ = {isa = PBXBuildFile; fileRef = 82B8F16113E478E40012298C /* main.m */; };
		82B8F16513E478E40012298C /* ViewWebPAppDelegate.m in Sources */ = {isa = PBXBuildFile; fileRef = 82B8F16413E478E40012298C /* ViewWebPAppDelegate.m */; };
		82B8F16813E478E50012298C /* MainWindow.xib in Resources */ = {isa = PBXBuildFile; fileRef = 82B8F16613E478E50012298C /* MainWindow.xib */; };
		82B8F16B13E478E50012298C /* RootViewController.m in Sources */ = {isa = PBXBuildFile; fileRef = 82B8F16A13E478E50012298C /* RootViewController.m */; };
		82B8F16E13E478E50012298C /* RootViewController.xib in Resources */ = {isa = PBXBuildFile; fileRef = 82B8F16C13E478E50012298C /* RootViewController.xib */; };
		82B8F17E13E483870012298C /* WebPImage.m in Sources */ = {isa = PBXBuildFile; fileRef = 82B8F17D13E483870012298C /* WebPImage.m */; };
		82B8F18213E489420012298C /* WebP.framework in Frameworks */ = {isa = PBXBuildFile; fileRef = 82B8F18113E489420012298C /* WebP.framework */; };
		82DB18B713E6B1EE00282428 /* gallery in Resources */ = {isa = PBXBuildFile; fileRef = 82DB18B613E6B1EE00282428 /* gallery */; };
		82DB18D813E6BA4D00282428 /* FullImageViewController.m in Sources */ = {isa = PBXBuildFile; fileRef = 82DB18D613E6BA4D00282428 /* FullImageViewController.m */; };
		82DB18D913E6BA4D00282428 /* FullImageViewController.xib in Resources */ = {isa = PBXBuildFile; fileRef = 82DB18D713E6BA4D00282428 /* FullImageViewController.xib */; };
		82F76C2F1403AF9C00ED8E5B /* gray.webp in Resources */ = {isa = PBXBuildFile; fileRef = 82F76C2E1403AF9C00ED8E5B /* gray.webp */; };
/* End PBXBuildFile section */

/* Begin PBXContainerItemProxy section */
		8200C188140277E300D64017 /* PBXContainerItemProxy */ = {
			isa = PBXContainerItemProxy;
			containerPortal = 82B8F14713E478E40012298C /* Project object */;
			proxyType = 1;
			remoteGlobalIDString = 82B8F14F13E478E40012298C;
			remoteInfo = ViewWebP;
		};
/* End PBXContainerItemProxy section */

/* Begin PBXFileReference section */
		1D57CA1B187635F5005AC7AD /* Default-568h@2x.png */ = {isa = PBXFileReference; lastKnownFileType = image.png; path = "Default-568h@2x.png"; sourceTree = "<group>"; };
		8200C16E140276C600D64017 /* UnitTests.octest */ = {isa = PBXFileReference; explicitFileType = wrapper.cfbundle; includeInIndex = 0; path = UnitTests.octest; sourceTree = BUILT_PRODUCTS_DIR; };
		8200C174140276C600D64017 /* UnitTests-Info.plist */ = {isa = PBXFileReference; lastKnownFileType = text.plist.xml; path = "UnitTests-Info.plist"; sourceTree = "<group>"; };
		8200C178140276C600D64017 /* UnitTests-Prefix.pch */ = {isa = PBXFileReference; lastKnownFileType = sourcecode.c.h; path = "UnitTests-Prefix.pch"; sourceTree = "<group>"; };
		8200C17B140276C600D64017 /* WebPImageTests.m */ = {isa = PBXFileReference; lastKnownFileType = sourcecode.c.objc; path = WebPImageTests.m; sourceTree = "<group>"; };
		8214D7DA1429E80C0082D258 /* ViewWebPAppTests.m */ = {isa = PBXFileReference; fileEncoding = 4; lastKnownFileType = sourcecode.c.objc; path = ViewWebPAppTests.m; sourceTree = "<group>"; };
		8242146113F0F6C100E00FD6 /* webplogo.png */ = {isa = PBXFileReference; lastKnownFileType = image.png; name = webplogo.png; path = gallery/webplogo.png; sourceTree = "<group>"; };
		82B8F15013E478E40012298C /* ViewWebP.app */ = {isa = PBXFileReference; explicitFileType = wrapper.application; includeInIndex = 0; path = ViewWebP.app; sourceTree = BUILT_PRODUCTS_DIR; };
		82B8F15413E478E40012298C /* UIKit.framework */ = {isa = PBXFileReference; lastKnownFileType = wrapper.framework; name = UIKit.framework; path = System/Library/Frameworks/UIKit.framework; sourceTree = SDKROOT; };
		82B8F15613E478E40012298C /* Foundation.framework */ = {isa = PBXFileReference; lastKnownFileType = wrapper.framework; name = Foundation.framework; path = System/Library/Frameworks/Foundation.framework; sourceTree = SDKROOT; };
		82B8F15813E478E40012298C /* CoreGraphics.framework */ = {isa = PBXFileReference; lastKnownFileType = wrapper.framework; name = CoreGraphics.framework; path = System/Library/Frameworks/CoreGraphics.framework; sourceTree = SDKROOT; };
		82B8F15C13E478E40012298C /* ViewWebP-Info.plist */ = {isa = PBXFileReference; lastKnownFileType = text.plist.xml; path = "ViewWebP-Info.plist"; sourceTree = "<group>"; };
		82B8F15E13E478E40012298C /* en */ = {isa = PBXFileReference; lastKnownFileType = text.plist.strings; name = en; path = en.lproj/InfoPlist.strings; sourceTree = "<group>"; };
		82B8F16013E478E40012298C /* ViewWebP-Prefix.pch */ = {isa = PBXFileReference; lastKnownFileType = sourcecode.c.h; path = "ViewWebP-Prefix.pch"; sourceTree = "<group>"; };
		82B8F16113E478E40012298C /* main.m */ = {isa = PBXFileReference; lastKnownFileType = sourcecode.c.objc; path = main.m; sourceTree = "<group>"; };
		82B8F16313E478E40012298C /* ViewWebPAppDelegate.h */ = {isa = PBXFileReference; lastKnownFileType = sourcecode.c.h; path = ViewWebPAppDelegate.h; sourceTree = "<group>"; };
		82B8F16413E478E40012298C /* ViewWebPAppDelegate.m */ = {isa = PBXFileReference; lastKnownFileType = sourcecode.c.objc; path = ViewWebPAppDelegate.m; sourceTree = "<group>"; };
		82B8F16713E478E50012298C /* en */ = {isa = PBXFileReference; lastKnownFileType = file.xib; name = en; path = en.lproj/MainWindow.xib; sourceTree = "<group>"; };
		82B8F16913E478E50012298C /* RootViewController.h */ = {isa = PBXFileReference; lastKnownFileType = sourcecode.c.h; path = RootViewController.h; sourceTree = "<group>"; };
		82B8F16A13E478E50012298C /* RootViewController.m */ = {isa = PBXFileReference; lastKnownFileType = sourcecode.c.objc; path = RootViewController.m; sourceTree = "<group>"; };
		82B8F16D13E478E50012298C /* en */ = {isa = PBXFileReference; lastKnownFileType = file.xib; name = en; path = en.lproj/RootViewController.xib; sourceTree = "<group>"; };
		82B8F17C13E483870012298C /* WebPImage.h */ = {isa = PBXFileReference; fileEncoding = 4; lastKnownFileType = sourcecode.c.h; path = WebPImage.h; sourceTree = "<group>"; };
		82B8F17D13E483870012298C /* WebPImage.m */ = {isa = PBXFileReference; fileEncoding = 4; lastKnownFileType = sourcecode.c.objc; path = WebPImage.m; sourceTree = "<group>"; };
		82B8F18113E489420012298C /* WebP.framework */ = {isa = PBXFileReference; lastKnownFileType = wrapper.framework; name = WebP.framework; path = ../WebP.framework; sourceTree = "<group>"; };
		82DB18B613E6B1EE00282428 /* gallery */ = {isa = PBXFileReference; lastKnownFileType = folder; path = gallery; sourceTree = "<group>"; };
		82DB18D513E6BA4D00282428 /* FullImageViewController.h */ = {isa = PBXFileReference; fileEncoding = 4; lastKnownFileType = sourcecode.c.h; path = FullImageViewController.h; sourceTree = "<group>"; };
		82DB18D613E6BA4D00282428 /* FullImageViewController.m */ = {isa = PBXFileReference; fileEncoding = 4; lastKnownFileType = sourcecode.c.objc; path = FullImageViewController.m; sourceTree = "<group>"; };
		82DB18D713E6BA4D00282428 /* FullImageViewController.xib */ = {isa = PBXFileReference; fileEncoding = 4; lastKnownFileType = file.xib; path = FullImageViewController.xib; sourceTree = "<group>"; };
		82F76C2E1403AF9C00ED8E5B /* gray.webp */ = {isa = PBXFileReference; lastKnownFileType = file; path = gray.webp; sourceTree = "<group>"; };
/* End PBXFileReference section */

/* Begin PBXFrameworksBuildPhase section */
		8200C16A140276C600D64017 /* Frameworks */ = {
			isa = PBXFrameworksBuildPhase;
			buildActionMask = 2147483647;
			files = (
				8200C16F140276C600D64017 /* UIKit.framework in Frameworks */,
				8200C170140276C600D64017 /* Foundation.framework in Frameworks */,
				8200C171140276C600D64017 /* CoreGraphics.framework in Frameworks */,
				8200C1841402778D00D64017 /* WebP.framework in Frameworks */,
			);
			runOnlyForDeploymentPostprocessing = 0;
		};
		82B8F14D13E478E40012298C /* Frameworks */ = {
			isa = PBXFrameworksBuildPhase;
			buildActionMask = 2147483647;
			files = (
				82B8F15513E478E40012298C /* UIKit.framework in Frameworks */,
				82B8F15713E478E40012298C /* Foundation.framework in Frameworks */,
				82B8F15913E478E40012298C /* CoreGraphics.framework in Frameworks */,
				82B8F18213E489420012298C /* WebP.framework in Frameworks */,
			);
			runOnlyForDeploymentPostprocessing = 0;
		};
/* End PBXFrameworksBuildPhase section */

/* Begin PBXGroup section */
		8200C172140276C600D64017 /* UnitTests */ = {
			isa = PBXGroup;
			children = (
				8214D7DA1429E80C0082D258 /* ViewWebPAppTests.m */,
				8200C17B140276C600D64017 /* WebPImageTests.m */,
				8200C173140276C600D64017 /* Supporting Files */,
			);
			path = UnitTests;
			sourceTree = "<group>";
		};
		8200C173140276C600D64017 /* Supporting Files */ = {
			isa = PBXGroup;
			children = (
				82F76C2E1403AF9C00ED8E5B /* gray.webp */,
				8200C174140276C600D64017 /* UnitTests-Info.plist */,
				8200C178140276C600D64017 /* UnitTests-Prefix.pch */,
			);
			name = "Supporting Files";
			sourceTree = "<group>";
		};
		82B8F14513E478E40012298C = {
			isa = PBXGroup;
			children = (
				1D57CA1B187635F5005AC7AD /* Default-568h@2x.png */,
				82B8F15A13E478E40012298C /* ViewWebP */,
				8200C172140276C600D64017 /* UnitTests */,
				82B8F15313E478E40012298C /* Frameworks */,
				82B8F15113E478E40012298C /* Products */,
			);
			sourceTree = "<group>";
		};
		82B8F15113E478E40012298C /* Products */ = {
			isa = PBXGroup;
			children = (
				82B8F15013E478E40012298C /* ViewWebP.app */,
				8200C16E140276C600D64017 /* UnitTests.octest */,
			);
			name = Products;
			sourceTree = "<group>";
		};
		82B8F15313E478E40012298C /* Frameworks */ = {
			isa = PBXGroup;
			children = (
				82B8F18113E489420012298C /* WebP.framework */,
				82B8F15413E478E40012298C /* UIKit.framework */,
				82B8F15613E478E40012298C /* Foundation.framework */,
				82B8F15813E478E40012298C /* CoreGraphics.framework */,
			);
			name = Frameworks;
			sourceTree = "<group>";
		};
		82B8F15A13E478E40012298C /* ViewWebP */ = {
			isa = PBXGroup;
			children = (
				82B8F17C13E483870012298C /* WebPImage.h */,
				82B8F17D13E483870012298C /* WebPImage.m */,
				82B8F16313E478E40012298C /* ViewWebPAppDelegate.h */,
				82B8F16413E478E40012298C /* ViewWebPAppDelegate.m */,
				82B8F16613E478E50012298C /* MainWindow.xib */,
				82B8F16913E478E50012298C /* RootViewController.h */,
				82B8F16A13E478E50012298C /* RootViewController.m */,
				82B8F16C13E478E50012298C /* RootViewController.xib */,
				82DB18D513E6BA4D00282428 /* FullImageViewController.h */,
				82DB18D613E6BA4D00282428 /* FullImageViewController.m */,
				82DB18D713E6BA4D00282428 /* FullImageViewController.xib */,
				82B8F15B13E478E40012298C /* Supporting Files */,
			);
			path = ViewWebP;
			sourceTree = "<group>";
		};
		82B8F15B13E478E40012298C /* Supporting Files */ = {
			isa = PBXGroup;
			children = (
				8242146113F0F6C100E00FD6 /* webplogo.png */,
				82DB18B613E6B1EE00282428 /* gallery */,
				82B8F15C13E478E40012298C /* ViewWebP-Info.plist */,
				82B8F15D13E478E40012298C /* InfoPlist.strings */,
				82B8F16013E478E40012298C /* ViewWebP-Prefix.pch */,
				82B8F16113E478E40012298C /* main.m */,
			);
			name = "Supporting Files";
			sourceTree = "<group>";
		};
/* End PBXGroup section */

/* Begin PBXNativeTarget section */
		8200C16D140276C600D64017 /* UnitTests */ = {
			isa = PBXNativeTarget;
			buildConfigurationList = 8200C17F140276C600D64017 /* Build configuration list for PBXNativeTarget "UnitTests" */;
			buildPhases = (
				8200C169140276C600D64017 /* Sources */,
				8200C16A140276C600D64017 /* Frameworks */,
				8200C16B140276C600D64017 /* Resources */,
				8200C16C140276C600D64017 /* ShellScript */,
			);
			buildRules = (
			);
			dependencies = (
				8200C189140277E300D64017 /* PBXTargetDependency */,
			);
			name = UnitTests;
			productName = UnitTests;
			productReference = 8200C16E140276C600D64017 /* UnitTests.octest */;
			productType = "com.apple.product-type.bundle";
		};
		82B8F14F13E478E40012298C /* ViewWebP */ = {
			isa = PBXNativeTarget;
			buildConfigurationList = 82B8F17113E478E50012298C /* Build configuration list for PBXNativeTarget "ViewWebP" */;
			buildPhases = (
				82B8F14C13E478E40012298C /* Sources */,
				82B8F14D13E478E40012298C /* Frameworks */,
				82B8F14E13E478E40012298C /* Resources */,
			);
			buildRules = (
			);
			dependencies = (
			);
			name = ViewWebP;
			productName = ViewWebP;
			productReference = 82B8F15013E478E40012298C /* ViewWebP.app */;
			productType = "com.apple.product-type.application";
		};
/* End PBXNativeTarget section */

/* Begin PBXProject section */
		82B8F14713E478E40012298C /* Project object */ = {
			isa = PBXProject;
			attributes = {
				LastUpgradeCheck = 0500;
				ORGANIZATIONNAME = "Google Inc";
			};
			buildConfigurationList = 82B8F14A13E478E40012298C /* Build configuration list for PBXProject "ViewWebP" */;
			compatibilityVersion = "Xcode 3.2";
			developmentRegion = English;
			hasScannedForEncodings = 0;
			knownRegions = (
				en,
			);
			mainGroup = 82B8F14513E478E40012298C;
			productRefGroup = 82B8F15113E478E40012298C /* Products */;
			projectDirPath = "";
			projectRoot = "";
			targets = (
				82B8F14F13E478E40012298C /* ViewWebP */,
				8200C16D140276C600D64017 /* UnitTests */,
			);
		};
/* End PBXProject section */

/* Begin PBXResourcesBuildPhase section */
		8200C16B140276C600D64017 /* Resources */ = {
			isa = PBXResourcesBuildPhase;
			buildActionMask = 2147483647;
			files = (
				82F76C2F1403AF9C00ED8E5B /* gray.webp in Resources */,
			);
			runOnlyForDeploymentPostprocessing = 0;
		};
		82B8F14E13E478E40012298C /* Resources */ = {
			isa = PBXResourcesBuildPhase;
			buildActionMask = 2147483647;
			files = (
				82B8F15F13E478E40012298C /* InfoPlist.strings in Resources */,
				82B8F16813E478E50012298C /* MainWindow.xib in Resources */,
				82B8F16E13E478E50012298C /* RootViewController.xib in Resources */,
				82DB18B713E6B1EE00282428 /* gallery in Resources */,
				82DB18D913E6BA4D00282428 /* FullImageViewController.xib in Resources */,
				1D57CA1C187635F5005AC7AD /* Default-568h@2x.png in Resources */,
				8242146213F0F6C100E00FD6 /* webplogo.png in Resources */,
			);
			runOnlyForDeploymentPostprocessing = 0;
		};
/* End PBXResourcesBuildPhase section */

/* Begin PBXShellScriptBuildPhase section */
		8200C16C140276C600D64017 /* ShellScript */ = {
			isa = PBXShellScriptBuildPhase;
			buildActionMask = 2147483647;
			files = (
			);
			inputPaths = (
			);
			outputPaths = (
			);
			runOnlyForDeploymentPostprocessing = 0;
			shellPath = /bin/sh;
			shellScript = "# Run the unit tests in this test bundle.\n\"${SYSTEM_DEVELOPER_DIR}/Tools/RunUnitTests\"\n";
		};
/* End PBXShellScriptBuildPhase section */

/* Begin PBXSourcesBuildPhase section */
		8200C169140276C600D64017 /* Sources */ = {
			isa = PBXSourcesBuildPhase;
			buildActionMask = 2147483647;
			files = (
				8200C17C140276C600D64017 /* WebPImageTests.m in Sources */,
				8200C1831402775900D64017 /* WebPImage.m in Sources */,
				8214D7DB1429E80C0082D258 /* ViewWebPAppTests.m in Sources */,
			);
			runOnlyForDeploymentPostprocessing = 0;
		};
		82B8F14C13E478E40012298C /* Sources */ = {
			isa = PBXSourcesBuildPhase;
			buildActionMask = 2147483647;
			files = (
				82B8F16213E478E40012298C /* main.m in Sources */,
				82B8F16513E478E40012298C /* ViewWebPAppDelegate.m in Sources */,
				82B8F16B13E478E50012298C /* RootViewController.m in Sources */,
				82B8F17E13E483870012298C /* WebPImage.m in Sources */,
				82DB18D813E6BA4D00282428 /* FullImageViewController.m in Sources */,
			);
			runOnlyForDeploymentPostprocessing = 0;
		};
/* End PBXSourcesBuildPhase section */

/* Begin PBXTargetDependency section */
		8200C189140277E300D64017 /* PBXTargetDependency */ = {
			isa = PBXTargetDependency;
			target = 82B8F14F13E478E40012298C /* ViewWebP */;
			targetProxy = 8200C188140277E300D64017 /* PBXContainerItemProxy */;
		};
/* End PBXTargetDependency section */

/* Begin PBXVariantGroup section */
		82B8F15D13E478E40012298C /* InfoPlist.strings */ = {
			isa = PBXVariantGroup;
			children = (
				82B8F15E13E478E40012298C /* en */,
			);
			name = InfoPlist.strings;
			sourceTree = "<group>";
		};
		82B8F16613E478E50012298C /* MainWindow.xib */ = {
			isa = PBXVariantGroup;
			children = (
				82B8F16713E478E50012298C /* en */,
			);
			name = MainWindow.xib;
			sourceTree = "<group>";
		};
		82B8F16C13E478E50012298C /* RootViewController.xib */ = {
			isa = PBXVariantGroup;
			children = (
				82B8F16D13E478E50012298C /* en */,
			);
			name = RootViewController.xib;
			sourceTree = "<group>";
		};
/* End PBXVariantGroup section */

/* Begin XCBuildConfiguration section */
		8200C17D140276C600D64017 /* Debug */ = {
			isa = XCBuildConfiguration;
			buildSettings = {
				ALWAYS_SEARCH_USER_PATHS = NO;
				BUNDLE_LOADER = "$(BUILT_PRODUCTS_DIR)/ViewWebP.app/ViewWebP";
				FRAMEWORK_SEARCH_PATHS = (
					"$(SDKROOT)/Developer/Library/Frameworks",
					"$(DEVELOPER_LIBRARY_DIR)/Frameworks",
					"\"$(SRCROOT)/..\"",
				);
				GCC_PRECOMPILE_PREFIX_HEADER = YES;
				GCC_PREFIX_HEADER = "UnitTests/UnitTests-Prefix.pch";
				GCC_VERSION = com.apple.compilers.llvm.clang.1_0;
				INFOPLIST_FILE = "UnitTests/UnitTests-Info.plist";
				OTHER_LDFLAGS = (
					"-framework",
					SenTestingKit,
				);
				PRODUCT_NAME = "$(TARGET_NAME)";
				TEST_HOST = "$(BUNDLE_LOADER)";
				WRAPPER_EXTENSION = octest;
			};
			name = Debug;
		};
		8200C17E140276C600D64017 /* Release */ = {
			isa = XCBuildConfiguration;
			buildSettings = {
				ALWAYS_SEARCH_USER_PATHS = NO;
				BUNDLE_LOADER = "$(BUILT_PRODUCTS_DIR)/ViewWebP.app/ViewWebP";
				FRAMEWORK_SEARCH_PATHS = (
					"$(SDKROOT)/Developer/Library/Frameworks",
					"$(DEVELOPER_LIBRARY_DIR)/Frameworks",
					"\"$(SRCROOT)/..\"",
				);
				GCC_PRECOMPILE_PREFIX_HEADER = YES;
				GCC_PREFIX_HEADER = "UnitTests/UnitTests-Prefix.pch";
				GCC_VERSION = com.apple.compilers.llvm.clang.1_0;
				INFOPLIST_FILE = "UnitTests/UnitTests-Info.plist";
				OTHER_LDFLAGS = (
					"-framework",
					SenTestingKit,
				);
				PRODUCT_NAME = "$(TARGET_NAME)";
				TEST_HOST = "$(BUNDLE_LOADER)";
				WRAPPER_EXTENSION = octest;
			};
			name = Release;
		};
		82B8F16F13E478E50012298C /* Debug */ = {
			isa = XCBuildConfiguration;
			buildSettings = {
				"CODE_SIGN_IDENTITY[sdk=iphoneos*]" = "iPhone Developer";
				GCC_C_LANGUAGE_STANDARD = gnu99;
				GCC_OPTIMIZATION_LEVEL = 0;
				GCC_PREPROCESSOR_DEFINITIONS = DEBUG;
				GCC_SYMBOLS_PRIVATE_EXTERN = NO;
				GCC_VERSION = com.apple.compilers.llvmgcc42;
				GCC_WARN_ABOUT_RETURN_TYPE = YES;
				GCC_WARN_UNUSED_VARIABLE = YES;
				IPHONEOS_DEPLOYMENT_TARGET = 4.3;
				ONLY_ACTIVE_ARCH = YES;
				SDKROOT = iphoneos;
			};
			name = Debug;
		};
		82B8F17013E478E50012298C /* Release */ = {
			isa = XCBuildConfiguration;
			buildSettings = {
				"CODE_SIGN_IDENTITY[sdk=iphoneos*]" = "iPhone Developer";
				GCC_C_LANGUAGE_STANDARD = gnu99;
				GCC_VERSION = com.apple.compilers.llvmgcc42;
				GCC_WARN_ABOUT_RETURN_TYPE = YES;
				GCC_WARN_UNUSED_VARIABLE = YES;
				IPHONEOS_DEPLOYMENT_TARGET = 4.3;
				OTHER_CFLAGS = "-DNS_BLOCK_ASSERTIONS=1";
				SDKROOT = iphoneos;
			};
			name = Release;
		};
		82B8F17213E478E50012298C /* Debug */ = {
			isa = XCBuildConfiguration;
			buildSettings = {
				ALWAYS_SEARCH_USER_PATHS = NO;
				COPY_PHASE_STRIP = NO;
				FRAMEWORK_SEARCH_PATHS = (
					"$(inherited)",
					"\"$(SRCROOT)\"",
					"\"$(SRCROOT)/..\"",
				);
				GCC_DYNAMIC_NO_PIC = NO;
				GCC_PRECOMPILE_PREFIX_HEADER = YES;
				GCC_PREFIX_HEADER = "ViewWebP/ViewWebP-Prefix.pch";
				GCC_VERSION = "";
				INFOPLIST_FILE = "ViewWebP/ViewWebP-Info.plist";
				PRODUCT_NAME = "$(TARGET_NAME)";
				WRAPPER_EXTENSION = app;
			};
			name = Debug;
		};
		82B8F17313E478E50012298C /* Release */ = {
			isa = XCBuildConfiguration;
			buildSettings = {
				ALWAYS_SEARCH_USER_PATHS = NO;
				COPY_PHASE_STRIP = YES;
				FRAMEWORK_SEARCH_PATHS = (
					"$(inherited)",
					"\"$(SRCROOT)\"",
					"\"$(SRCROOT)/..\"",
				);
				GCC_PRECOMPILE_PREFIX_HEADER = YES;
				GCC_PREFIX_HEADER = "ViewWebP/ViewWebP-Prefix.pch";
				GCC_VERSION = "";
				INFOPLIST_FILE = "ViewWebP/ViewWebP-Info.plist";
				PRODUCT_NAME = "$(TARGET_NAME)";
				VALIDATE_PRODUCT = YES;
				WRAPPER_EXTENSION = app;
			};
			name = Release;
		};
/* End XCBuildConfiguration section */

/* Begin XCConfigurationList section */
		8200C17F140276C600D64017 /* Build configuration list for PBXNativeTarget "UnitTests" */ = {
			isa = XCConfigurationList;
			buildConfigurations = (
				8200C17D140276C600D64017 /* Debug */,
				8200C17E140276C600D64017 /* Release */,
			);
			defaultConfigurationIsVisible = 0;
			defaultConfigurationName = Release;
		};
		82B8F14A13E478E40012298C /* Build configuration list for PBXProject "ViewWebP" */ = {
			isa = XCConfigurationList;
			buildConfigurations = (
				82B8F16F13E478E50012298C /* Debug */,
				82B8F17013E478E50012298C /* Release */,
			);
			defaultConfigurationIsVisible = 0;
			defaultConfigurationName = Release;
		};
		82B8F17113E478E50012298C /* Build configuration list for PBXNativeTarget "ViewWebP" */ = {
			isa = XCConfigurationList;
			buildConfigurations = (
				82B8F17213E478E50012298C /* Debug */,
				82B8F17313E478E50012298C /* Release */,
			);
			defaultConfigurationIsVisible = 0;
			defaultConfigurationName = Release;
		};
/* End XCConfigurationList section */
	};
	rootObject = 82B8F14713E478E40012298C /* Project object */;
}
